
Microsoft Visual Studio Solution File, Format Version 12.00
# Visual Studio 14
VisualStudioVersion = 14.0.25123.0
MinimumVisualStudioVersion = 10.0.40219.1
Project("{F088123C-0E9E-452A-89E6-6BA2F21D5CAC}") = "ModelingProject1", "ModelingProject1\ModelingProject1.modelproj", "{B36273E5-199C-48EE-ABDB-BFF220D73CA0}"
EndProject
Project("{FAE04EC0-301F-11D3-BF4B-00C04F79EFBC}") = "ArchitectureTest1", "ArchitectureTest1\ArchitectureTest1.csproj", "{95CAE124-56E1-4825-83D1-C9DC77AB7844}"
EndProject
Project("{FAE04EC0-301F-11D3-BF4B-00C04F79EFBC}") = "ComponentInterfaces", "ComponentInterfaces\ComponentInterfaces.csproj", "{62FA8F97-3FAF-4635-92F3-B8E3421F5E5A}"
EndProject
Project("{FAE04EC0-301F-11D3-BF4B-00C04F79EFBC}") = "CommonServices", "CommonServices\CommonServices.csproj", "{3D5ED8A5-2D57-4A8A-A948-4814AFB3DAD4}"
EndProject
Project("{FAE04EC0-301F-11D3-BF4B-00C04F79EFBC}") = "Awards", "Awards\Awards.csproj", "{095625F9-F9B8-4BD7-AD55-8544E2DC09CD}"
EndProject
Global
	GlobalSection(SolutionConfigurationPlatforms) = preSolution
		Debug|Any CPU = Debug|Any CPU
		Debug|ARM = Debug|ARM
		Debug|x64 = Debug|x64
		Debug|x86 = Debug|x86
		Release|Any CPU = Release|Any CPU
		Release|ARM = Release|ARM
		Release|x64 = Release|x64
		Release|x86 = Release|x86
	EndGlobalSection
	GlobalSection(ProjectConfigurationPlatforms) = postSolution
		{B36273E5-199C-48EE-ABDB-BFF220D73CA0}.Debug|Any CPU.ActiveCfg = Debug|Any CPU
		{B36273E5-199C-48EE-ABDB-BFF220D73CA0}.Debug|Any CPU.Build.0 = Debug|Any CPU
		{B36273E5-199C-48EE-ABDB-BFF220D73CA0}.Debug|ARM.ActiveCfg = Debug|Any CPU
		{B36273E5-199C-48EE-ABDB-BFF220D73CA0}.Debug|ARM.Build.0 = Debug|Any CPU
		{B36273E5-199C-48EE-ABDB-BFF220D73CA0}.Debug|x64.ActiveCfg = Debug|Any CPU
		{B36273E5-199C-48EE-ABDB-BFF220D73CA0}.Debug|x64.Build.0 = Debug|Any CPU
		{B36273E5-199C-48EE-ABDB-BFF220D73CA0}.Debug|x86.ActiveCfg = Debug|Any CPU
		{B36273E5-199C-48EE-ABDB-BFF220D73CA0}.Debug|x86.Build.0 = Debug|Any CPU
		{B36273E5-199C-48EE-ABDB-BFF220D73CA0}.Release|Any CPU.ActiveCfg = Release|Any CPU
		{B36273E5-199C-48EE-ABDB-BFF220D73CA0}.Release|Any CPU.Build.0 = Release|Any CPU
		{B36273E5-199C-48EE-ABDB-BFF220D73CA0}.Release|ARM.ActiveCfg = Release|Any CPU
		{B36273E5-199C-48EE-ABDB-BFF220D73CA0}.Release|ARM.Build.0 = Release|Any CPU
		{B36273E5-199C-48EE-ABDB-BFF220D73CA0}.Release|x64.ActiveCfg = Release|Any CPU
		{B36273E5-199C-48EE-ABDB-BFF220D73CA0}.Release|x64.Build.0 = Release|Any CPU
		{B36273E5-199C-48EE-ABDB-BFF220D73CA0}.Release|x86.ActiveCfg = Release|Any CPU
		{B36273E5-199C-48EE-ABDB-BFF220D73CA0}.Release|x86.Build.0 = Release|Any CPU
		{95CAE124-56E1-4825-83D1-C9DC77AB7844}.Debug|Any CPU.ActiveCfg = Debug|x86
		{95CAE124-56E1-4825-83D1-C9DC77AB7844}.Debug|Any CPU.Build.0 = Debug|x86
		{95CAE124-56E1-4825-83D1-C9DC77AB7844}.Debug|Any CPU.Deploy.0 = Debug|x86
		{95CAE124-56E1-4825-83D1-C9DC77AB7844}.Debug|ARM.ActiveCfg = Debug|ARM
		{95CAE124-56E1-4825-83D1-C9DC77AB7844}.Debug|ARM.Build.0 = Debug|ARM
		{95CAE124-56E1-4825-83D1-C9DC77AB7844}.Debug|ARM.Deploy.0 = Debug|ARM
		{95CAE124-56E1-4825-83D1-C9DC77AB7844}.Debug|x64.ActiveCfg = Debug|x64
		{95CAE124-56E1-4825-83D1-C9DC77AB7844}.Debug|x64.Build.0 = Debug|x64
		{95CAE124-56E1-4825-83D1-C9DC77AB7844}.Debug|x64.Deploy.0 = Debug|x64
		{95CAE124-56E1-4825-83D1-C9DC77AB7844}.Debug|x86.ActiveCfg = Debug|x86
		{95CAE124-56E1-4825-83D1-C9DC77AB7844}.Debug|x86.Build.0 = Debug|x86
		{95CAE124-56E1-4825-83D1-C9DC77AB7844}.Debug|x86.Deploy.0 = Debug|x86
		{95CAE124-56E1-4825-83D1-C9DC77AB7844}.Release|Any CPU.ActiveCfg = Release|x86
		{95CAE124-56E1-4825-83D1-C9DC77AB7844}.Release|ARM.ActiveCfg = Release|ARM
		{95CAE124-56E1-4825-83D1-C9DC77AB7844}.Release|ARM.Build.0 = Release|ARM
		{95CAE124-56E1-4825-83D1-C9DC77AB7844}.Release|ARM.Deploy.0 = Release|ARM
		{95CAE124-56E1-4825-83D1-C9DC77AB7844}.Release|x64.ActiveCfg = Release|x64
		{95CAE124-56E1-4825-83D1-C9DC77AB7844}.Release|x64.Build.0 = Release|x64
		{95CAE124-56E1-4825-83D1-C9DC77AB7844}.Release|x64.Deploy.0 = Release|x64
		{95CAE124-56E1-4825-83D1-C9DC77AB7844}.Release|x86.ActiveCfg = Release|x86
		{95CAE124-56E1-4825-83D1-C9DC77AB7844}.Release|x86.Build.0 = Release|x86
		{95CAE124-56E1-4825-83D1-C9DC77AB7844}.Release|x86.Deploy.0 = Release|x86
		{62FA8F97-3FAF-4635-92F3-B8E3421F5E5A}.Debug|Any CPU.ActiveCfg = Debug|Any CPU
		{62FA8F97-3FAF-4635-92F3-B8E3421F5E5A}.Debug|Any CPU.Build.0 = Debug|Any CPU
		{62FA8F97-3FAF-4635-92F3-B8E3421F5E5A}.Debug|ARM.ActiveCfg = Debug|ARM
		{62FA8F97-3FAF-4635-92F3-B8E3421F5E5A}.Debug|ARM.Build.0 = Debug|ARM
		{62FA8F97-3FAF-4635-92F3-B8E3421F5E5A}.Debug|x64.ActiveCfg = Debug|x64
		{62FA8F97-3FAF-4635-92F3-B8E3421F5E5A}.Debug|x64.Build.0 = Debug|x64
		{62FA8F97-3FAF-4635-92F3-B8E3421F5E5A}.Debug|x86.ActiveCfg = Debug|x86
		{62FA8F97-3FAF-4635-92F3-B8E3421F5E5A}.Debug|x86.Build.0 = Debug|x86
		{62FA8F97-3FAF-4635-92F3-B8E3421F5E5A}.Release|Any CPU.ActiveCfg = Release|Any CPU
		{62FA8F97-3FAF-4635-92F3-B8E3421F5E5A}.Release|Any CPU.Build.0 = Release|Any CPU
		{62FA8F97-3FAF-4635-92F3-B8E3421F5E5A}.Release|ARM.ActiveCfg = Release|ARM
		{62FA8F97-3FAF-4635-92F3-B8E3421F5E5A}.Release|ARM.Build.0 = Release|ARM
		{62FA8F97-3FAF-4635-92F3-B8E3421F5E5A}.Release|x64.ActiveCfg = Release|x64
		{62FA8F97-3FAF-4635-92F3-B8E3421F5E5A}.Release|x64.Build.0 = Release|x64
		{62FA8F97-3FAF-4635-92F3-B8E3421F5E5A}.Release|x86.ActiveCfg = Release|x86
		{62FA8F97-3FAF-4635-92F3-B8E3421F5E5A}.Release|x86.Build.0 = Release|x86
		{3D5ED8A5-2D57-4A8A-A948-4814AFB3DAD4}.Debug|Any CPU.ActiveCfg = Debug|Any CPU
		{3D5ED8A5-2D57-4A8A-A948-4814AFB3DAD4}.Debug|Any CPU.Build.0 = Debug|Any CPU
		{3D5ED8A5-2D57-4A8A-A948-4814AFB3DAD4}.Debug|ARM.ActiveCfg = Debug|ARM
		{3D5ED8A5-2D57-4A8A-A948-4814AFB3DAD4}.Debug|ARM.Build.0 = Debug|ARM
		{3D5ED8A5-2D57-4A8A-A948-4814AFB3DAD4}.Debug|x64.ActiveCfg = Debug|x64
		{3D5ED8A5-2D57-4A8A-A948-4814AFB3DAD4}.Debug|x64.Build.0 = Debug|x64
		{3D5ED8A5-2D57-4A8A-A948-4814AFB3DAD4}.Debug|x86.ActiveCfg = Debug|x86
		{3D5ED8A5-2D57-4A8A-A948-4814AFB3DAD4}.Debug|x86.Build.0 = Debug|x86
		{3D5ED8A5-2D57-4A8A-A948-4814AFB3DAD4}.Release|Any CPU.ActiveCfg = Release|Any CPU
		{3D5ED8A5-2D57-4A8A-A948-4814AFB3DAD4}.Release|Any CPU.Build.0 = Release|Any CPU
		{3D5ED8A5-2D57-4A8A-A948-4814AFB3DAD4}.Release|ARM.ActiveCfg = Release|ARM
		{3D5ED8A5-2D57-4A8A-A948-4814AFB3DAD4}.Release|ARM.Build.0 = Release|ARM
		{3D5ED8A5-2D57-4A8A-A948-4814AFB3DAD4}.Release|x64.ActiveCfg = Release|x64
		{3D5ED8A5-2D57-4A8A-A948-4814AFB3DAD4}.Release|x64.Build.0 = Release|x64
		{3D5ED8A5-2D57-4A8A-A948-4814AFB3DAD4}.Release|x86.ActiveCfg = Release|x86
		{3D5ED8A5-2D57-4A8A-A948-4814AFB3DAD4}.Release|x86.Build.0 = Release|x86
		{095625F9-F9B8-4BD7-AD55-8544E2DC09CD}.Debug|Any CPU.ActiveCfg = Debug|Any CPU
		{095625F9-F9B8-4BD7-AD55-8544E2DC09CD}.Debug|Any CPU.Build.0 = Debug|Any CPU
		{095625F9-F9B8-4BD7-AD55-8544E2DC09CD}.Debug|ARM.ActiveCfg = Debug|ARM
		{095625F9-F9B8-4BD7-AD55-8544E2DC09CD}.Debug|ARM.Build.0 = Debug|ARM
		{095625F9-F9B8-4BD7-AD55-8544E2DC09CD}.Debug|x64.ActiveCfg = Debug|x64
		{095625F9-F9B8-4BD7-AD55-8544E2DC09CD}.Debug|x64.Build.0 = Debug|x64
		{095625F9-F9B8-4BD7-AD55-8544E2DC09CD}.Debug|x86.ActiveCfg = Debug|x86
		{095625F9-F9B8-4BD7-AD55-8544E2DC09CD}.Debug|x86.Build.0 = Debug|x86
		{095625F9-F9B8-4BD7-AD55-8544E2DC09CD}.Release|Any CPU.ActiveCfg = Release|Any CPU
		{095625F9-F9B8-4BD7-AD55-8544E2DC09CD}.Release|Any CPU.Build.0 = Release|Any CPU
		{095625F9-F9B8-4BD7-AD55-8544E2DC09CD}.Release|ARM.ActiveCfg = Release|ARM
		{095625F9-F9B8-4BD7-AD55-8544E2DC09CD}.Release|ARM.Build.0 = Release|ARM
		{095625F9-F9B8-4BD7-AD55-8544E2DC09CD}.Release|x64.ActiveCfg = Release|x64
		{095625F9-F9B8-4BD7-AD55-8544E2DC09CD}.Release|x64.Build.0 = Release|x64
		{095625F9-F9B8-4BD7-AD55-8544E2DC09CD}.Release|x86.ActiveCfg = Release|x86
		{095625F9-F9B8-4BD7-AD55-8544E2DC09CD}.Release|x86.Build.0 = Release|x86
	EndGlobalSection
	GlobalSection(SolutionProperties) = preSolution
		HideSolutionNode = FALSE
	EndGlobalSection
EndGlobal
